// !$*UTF8*$!
{
	archiveVersion = 1;
	classes = {
	};
	objectVersion = 60;
	objects = {

/* Begin PBXBuildFile section */
		30555A4B2F8BB805006BEF5A /* LoadingView.swift in Sources */ = {isa = PBXBuildFile; fileRef = 30555A402F8BB805006BEF5A /* LoadingView.swift */; };
		30555A4C2F8BB805006BEF5A /* NotificationPermissionViewController.swift in Sources */ = {isa = PBXBuildFile; fileRef = 30555A462F8BB805006BEF5A /* NotificationPermissionViewController.swift */; };
		30555A4D2F8BB805006BEF5A /* UserAgentBuilder.swift in Sources */ = {isa = PBXBuildFile; fileRef = 30555A482F8BB805006BEF5A /* UserAgentBuilder.swift */; };
		30555A4E2F8BB805006BEF5A /* NetworkAvailability.swift in Sources */ = {isa = PBXBuildFile; fileRef = 30555A422F8BB805006BEF5A /* NetworkAvailability.swift */; };
		30555A4F2F8BB805006BEF5A /* WebviewVC.swift in Sources */ = {isa = PBXBuildFile; fileRef = 30555A492F8BB805006BEF5A /* WebviewVC.swift */; };
		30555A502F8BB805006BEF5A /* NotificationPermissionManager.swift in Sources */ = {isa = PBXBuildFile; fileRef = 30555A442F8BB805006BEF5A /* NotificationPermissionManager.swift */; };
		30555A512F8BB805006BEF5A /* LoadingManager.swift in Sources */ = {isa = PBXBuildFile; fileRef = 30555A3F2F8BB805006BEF5A /* LoadingManager.swift */; };
		30555A522F8BB805006BEF5A /* PushNotificationURLRouter.swift in Sources */ = {isa = PBXBuildFile; fileRef = 30555A472F8BB805006BEF5A /* PushNotificationURLRouter.swift */; };
		30555A532F8BB805006BEF5A /* AppsFlyerManager.swift in Sources */ = {isa = PBXBuildFile; fileRef = 30555A3D2F8BB805006BEF5A /* AppsFlyerManager.swift */; };
		30555A542F8BB805006BEF5A /* ConfigManager.swift in Sources */ = {isa = PBXBuildFile; fileRef = 30555A3E2F8BB805006BEF5A /* ConfigManager.swift */; };
		30555A552F8BB805006BEF5A /* NoInternetView.swift in Sources */ = {isa = PBXBuildFile; fileRef = 30555A432F8BB805006BEF5A /* NoInternetView.swift */; };
		30555A562F8BB805006BEF5A /* NotificationPermissionView.swift in Sources */ = {isa = PBXBuildFile; fileRef = 30555A452F8BB805006BEF5A /* NotificationPermissionView.swift */; };
		30555A572F8BB805006BEF5A /* LoadingViewController.swift in Sources */ = {isa = PBXBuildFile; fileRef = 30555A412F8BB805006BEF5A /* LoadingViewController.swift */; };
		30555A5A2F8BB85D006BEF5A /* FirebaseMessaging in Frameworks */ = {isa = PBXBuildFile; productRef = 30555A592F8BB85D006BEF5A /* FirebaseMessaging */; };
		30555A5D2F8BB873006BEF5A /* AppsFlyerLib-Static in Frameworks */ = {isa = PBXBuildFile; productRef = 30555A5C2F8BB873006BEF5A /* AppsFlyerLib-Static */; };
		30555A6A2F8BB899006BEF5A /* NotificationServiceExtension.appex in Embed Foundation Extensions */ = {isa = PBXBuildFile; fileRef = 30555A632F8BB899006BEF5A /* NotificationServiceExtension.appex */; settings = {ATTRIBUTES = (RemoveHeadersOnCopy, ); }; };
		30555A712F8BB8B6006BEF5A /* FirebaseMessaging in Frameworks */ = {isa = PBXBuildFile; productRef = 30555A702F8BB8B6006BEF5A /* FirebaseMessaging */; };
		30555A752F8BB8E4006BEF5A /* NotificationService.swift in Sources */ = {isa = PBXBuildFile; fileRef = 30555A732F8BB8E4006BEF5A /* NotificationService.swift */; };
		30555A782F8BB9B1006BEF5A /* GoogleService-Info.plist in Resources */ = {isa = PBXBuildFile; fileRef = 30555A772F8BB9B1006BEF5A /* GoogleService-Info.plist */; };
		746A18F32F82B3340076A047 /* Color+App.swift in Sources */ = {isa = PBXBuildFile; fileRef = 746A18BC2F82B3340076A047 /* Color+App.swift */; };
		746A18F42F82B3340076A047 /* AppExternalLink.swift in Sources */ = {isa = PBXBuildFile; fileRef = 746A18BE2F82B3340076A047 /* AppExternalLink.swift */; };
		746A18F52F82B3340076A047 /* AppStorage.swift in Sources */ = {isa = PBXBuildFile; fileRef = 746A18C02F82B3340076A047 /* AppStorage.swift */; };
		746A18F62F82B3340076A047 /* NavigationModels.swift in Sources */ = {isa = PBXBuildFile; fileRef = 746A18C22F82B3340076A047 /* NavigationModels.swift */; };
		746A18F72F82B3340076A047 /* CompassChallengeView.swift in Sources */ = {isa = PBXBuildFile; fileRef = 746A18C52F82B3340076A047 /* CompassChallengeView.swift */; };
		746A18F82F82B3340076A047 /* CompassChallengeViewModel.swift in Sources */ = {isa = PBXBuildFile; fileRef = 746A18C62F82B3340076A047 /* CompassChallengeViewModel.swift */; };
		746A18F92F82B3340076A047 /* LandmarkLocatorView.swift in Sources */ = {isa = PBXBuildFile; fileRef = 746A18C82F82B3340076A047 /* LandmarkLocatorView.swift */; };
		746A18FA2F82B3340076A047 /* LandmarkLocatorViewModel.swift in Sources */ = {isa = PBXBuildFile; fileRef = 746A18C92F82B3340076A047 /* LandmarkLocatorViewModel.swift */; };
		746A18FB2F82B3340076A047 /* RouteNavigatorView.swift in Sources */ = {isa = PBXBuildFile; fileRef = 746A18CB2F82B3340076A047 /* RouteNavigatorView.swift */; };
		746A18FC2F82B3340076A047 /* RouteNavigatorViewModel.swift in Sources */ = {isa = PBXBuildFile; fileRef = 746A18CC2F82B3340076A047 /* RouteNavigatorViewModel.swift */; };
		746A18FD2F82B3340076A047 /* ChallengeCompletion.swift in Sources */ = {isa = PBXBuildFile; fileRef = 746A18CF2F82B3340076A047 /* ChallengeCompletion.swift */; };
		746A18FE2F82B3340076A047 /* ChallengeHubView.swift in Sources */ = {isa = PBXBuildFile; fileRef = 746A18D02F82B3340076A047 /* ChallengeHubView.swift */; };
		746A18FF2F82B3340076A047 /* LevelGridView.swift in Sources */ = {isa = PBXBuildFile; fileRef = 746A18D12F82B3340076A047 /* LevelGridView.swift */; };
		746A19002F82B3340076A047 /* HomeView.swift in Sources */ = {isa = PBXBuildFile; fileRef = 746A18D32F82B3340076A047 /* HomeView.swift */; };
		746A19012F82B3340076A047 /* MainTabRouter.swift in Sources */ = {isa = PBXBuildFile; fileRef = 746A18D52F82B3340076A047 /* MainTabRouter.swift */; };
		746A19022F82B3340076A047 /* MainTabShellView.swift in Sources */ = {isa = PBXBuildFile; fileRef = 746A18D62F82B3340076A047 /* MainTabShellView.swift */; };
		746A19032F82B3340076A047 /* OnboardingFlowView.swift in Sources */ = {isa = PBXBuildFile; fileRef = 746A18D82F82B3340076A047 /* OnboardingFlowView.swift */; };
		746A19042F82B3340076A047 /* ProfileDashboardView.swift in Sources */ = {isa = PBXBuildFile; fileRef = 746A18DA2F82B3340076A047 /* ProfileDashboardView.swift */; };
		746A19052F82B3340076A047 /* ActivityResultView.swift in Sources */ = {isa = PBXBuildFile; fileRef = 746A18DC2F82B3340076A047 /* ActivityResultView.swift */; };
		746A19062F82B3340076A047 /* ContentView.swift in Sources */ = {isa = PBXBuildFile; fileRef = 746A18DE2F82B3340076A047 /* ContentView.swift */; };
		746A19072F82B3340076A047 /* SettingsView.swift in Sources */ = {isa = PBXBuildFile; fileRef = 746A18E02F82B3340076A047 /* SettingsView.swift */; };
		746A19082F82B3340076A047 /* ActivityGlyphView.swift in Sources */ = {isa = PBXBuildFile; fileRef = 746A18E32F82B3340076A047 /* ActivityGlyphView.swift */; };
		746A19092F82B3340076A047 /* AppTheme.swift in Sources */ = {isa = PBXBuildFile; fileRef = 746A18E42F82B3340076A047 /* AppTheme.swift */; };
		746A190A2F82B3340076A047 /* CustomTabBar.swift in Sources */ = {isa = PBXBuildFile; fileRef = 746A18E52F82B3340076A047 /* CustomTabBar.swift */; };
		746A190B2F82B3340076A047 /* ScrollScreen.swift in Sources */ = {isa = PBXBuildFile; fileRef = 746A18E62F82B3340076A047 /* ScrollScreen.swift */; };
		746A190C2F82B3340076A047 /* AppDelegate.swift in Sources */ = {isa = PBXBuildFile; fileRef = 746A18E92F82B3340076A047 /* AppDelegate.swift */; };
		746A190D2F82B3340076A047 /* SceneDelegate.swift in Sources */ = {isa = PBXBuildFile; fileRef = 746A18F02F82B3340076A047 /* SceneDelegate.swift */; };
		746A190E2F82B3340076A047 /* ViewController.swift in Sources */ = {isa = PBXBuildFile; fileRef = 746A18F12F82B3340076A047 /* ViewController.swift */; };
		746A190F2F82B3340076A047 /* Assets.xcassets in Resources */ = {isa = PBXBuildFile; fileRef = 746A18EA2F82B3340076A047 /* Assets.xcassets */; };
		746A19112F82B3340076A047 /* LaunchScreen.storyboard in Resources */ = {isa = PBXBuildFile; fileRef = 746A18ED2F82B3340076A047 /* LaunchScreen.storyboard */; };
		746A19122F82B3340076A047 /* Main.storyboard in Resources */ = {isa = PBXBuildFile; fileRef = 746A18EF2F82B3340076A047 /* Main.storyboard */; };
/* End PBXBuildFile section */

/* Begin PBXContainerItemProxy section */
		30555A682F8BB899006BEF5A /* PBXContainerItemProxy */ = {
			isa = PBXContainerItemProxy;
			containerPortal = 746A177D2F82A4EE0076A047 /* Project object */;
			proxyType = 1;
			remoteGlobalIDString = 30555A622F8BB899006BEF5A;
			remoteInfo = NotificationServiceExtension;
		};
/* End PBXContainerItemProxy section */

/* Begin PBXCopyFilesBuildPhase section */
		30555A6F2F8BB899006BEF5A /* Embed Foundation Extensions */ = {
			isa = PBXCopyFilesBuildPhase;
			buildActionMask = 2147483647;
			dstPath = "";
			dstSubfolderSpec = 13;
			files = (
				30555A6A2F8BB899006BEF5A /* NotificationServiceExtension.appex in Embed Foundation Extensions */,
			);
			name = "Embed Foundation Extensions";
			runOnlyForDeploymentPostprocessing = 0;
		};
/* End PBXCopyFilesBuildPhase section */

/* Begin PBXFileReference section */
		30555A3D2F8BB805006BEF5A /* AppsFlyerManager.swift */ = {isa = PBXFileReference; lastKnownFileType = sourcecode.swift; path = AppsFlyerManager.swift; sourceTree = "<group>"; };
		30555A3E2F8BB805006BEF5A /* ConfigManager.swift */ = {isa = PBXFileReference; lastKnownFileType = sourcecode.swift; path = ConfigManager.swift; sourceTree = "<group>"; };
		30555A3F2F8BB805006BEF5A /* LoadingManager.swift */ = {isa = PBXFileReference; lastKnownFileType = sourcecode.swift; path = LoadingManager.swift; sourceTree = "<group>"; };
		30555A402F8BB805006BEF5A /* LoadingView.swift */ = {isa = PBXFileReference; lastKnownFileType = sourcecode.swift; path = LoadingView.swift; sourceTree = "<group>"; };
		30555A412F8BB805006BEF5A /* LoadingViewController.swift */ = {isa = PBXFileReference; lastKnownFileType = sourcecode.swift; path = LoadingViewController.swift; sourceTree = "<group>"; };
		30555A422F8BB805006BEF5A /* NetworkAvailability.swift */ = {isa = PBXFileReference; lastKnownFileType = sourcecode.swift; path = NetworkAvailability.swift; sourceTree = "<group>"; };
		30555A432F8BB805006BEF5A /* NoInternetView.swift */ = {isa = PBXFileReference; lastKnownFileType = sourcecode.swift; path = NoInternetView.swift; sourceTree = "<group>"; };
		30555A442F8BB805006BEF5A /* NotificationPermissionManager.swift */ = {isa = PBXFileReference; lastKnownFileType = sourcecode.swift; path = NotificationPermissionManager.swift; sourceTree = "<group>"; };
		30555A452F8BB805006BEF5A /* NotificationPermissionView.swift */ = {isa = PBXFileReference; lastKnownFileType = sourcecode.swift; path = NotificationPermissionView.swift; sourceTree = "<group>"; };
		30555A462F8BB805006BEF5A /* NotificationPermissionViewController.swift */ = {isa = PBXFileReference; lastKnownFileType = sourcecode.swift; path = NotificationPermissionViewController.swift; sourceTree = "<group>"; };
		30555A472F8BB805006BEF5A /* PushNotificationURLRouter.swift */ = {isa = PBXFileReference; lastKnownFileType = sourcecode.swift; path = PushNotificationURLRouter.swift; sourceTree = "<group>"; };
		30555A482F8BB805006BEF5A /* UserAgentBuilder.swift */ = {isa = PBXFileReference; lastKnownFileType = sourcecode.swift; path = UserAgentBuilder.swift; sourceTree = "<group>"; };
		30555A492F8BB805006BEF5A /* WebviewVC.swift */ = {isa = PBXFileReference; lastKnownFileType = sourcecode.swift; path = WebviewVC.swift; sourceTree = "<group>"; };
		30555A5E2F8BB87C006BEF5A /* 124RelgenxilSorslarzan.entitlements */ = {isa = PBXFileReference; lastKnownFileType = text.plist.entitlements; path = 124RelgenxilSorslarzan.entitlements; sourceTree = "<group>"; };
		30555A632F8BB899006BEF5A /* NotificationServiceExtension.appex */ = {isa = PBXFileReference; explicitFileType = "wrapper.app-extension"; includeInIndex = 0; path = NotificationServiceExtension.appex; sourceTree = BUILT_PRODUCTS_DIR; };
		30555A722F8BB8E4006BEF5A /* Info.plist */ = {isa = PBXFileReference; lastKnownFileType = text.plist.xml; path = Info.plist; sourceTree = "<group>"; };
		30555A732F8BB8E4006BEF5A /* NotificationService.swift */ = {isa = PBXFileReference; lastKnownFileType = sourcecode.swift; path = NotificationService.swift; sourceTree = "<group>"; };
		30555A772F8BB9B1006BEF5A /* GoogleService-Info.plist */ = {isa = PBXFileReference; lastKnownFileType = text.plist.xml; path = "GoogleService-Info.plist"; sourceTree = "<group>"; };
		746A17852F82A4EE0076A047 /* 124RelgenxilSorslarzan.app */ = {isa = PBXFileReference; explicitFileType = wrapper.application; includeInIndex = 0; path = 124RelgenxilSorslarzan.app; sourceTree = BUILT_PRODUCTS_DIR; };
		746A18BC2F82B3340076A047 /* Color+App.swift */ = {isa = PBXFileReference; lastKnownFileType = sourcecode.swift; path = "Color+App.swift"; sourceTree = "<group>"; };
		746A18BE2F82B3340076A047 /* AppExternalLink.swift */ = {isa = PBXFileReference; lastKnownFileType = sourcecode.swift; path = AppExternalLink.swift; sourceTree = "<group>"; };
		746A18C02F82B3340076A047 /* AppStorage.swift */ = {isa = PBXFileReference; lastKnownFileType = sourcecode.swift; path = AppStorage.swift; sourceTree = "<group>"; };
		746A18C22F82B3340076A047 /* NavigationModels.swift */ = {isa = PBXFileReference; lastKnownFileType = sourcecode.swift; path = NavigationModels.swift; sourceTree = "<group>"; };
		746A18C52F82B3340076A047 /* CompassChallengeView.swift */ = {isa = PBXFileReference; lastKnownFileType = sourcecode.swift; path = CompassChallengeView.swift; sourceTree = "<group>"; };
		746A18C62F82B3340076A047 /* CompassChallengeViewModel.swift */ = {isa = PBXFileReference; lastKnownFileType = sourcecode.swift; path = CompassChallengeViewModel.swift; sourceTree = "<group>"; };
		746A18C82F82B3340076A047 /* LandmarkLocatorView.swift */ = {isa = PBXFileReference; lastKnownFileType = sourcecode.swift; path = LandmarkLocatorView.swift; sourceTree = "<group>"; };
		746A18C92F82B3340076A047 /* LandmarkLocatorViewModel.swift */ = {isa = PBXFileReference; lastKnownFileType = sourcecode.swift; path = LandmarkLocatorViewModel.swift; sourceTree = "<group>"; };
		746A18CB2F82B3340076A047 /* RouteNavigatorView.swift */ = {isa = PBXFileReference; lastKnownFileType = sourcecode.swift; path = RouteNavigatorView.swift; sourceTree = "<group>"; };
		746A18CC2F82B3340076A047 /* RouteNavigatorViewModel.swift */ = {isa = PBXFileReference; lastKnownFileType = sourcecode.swift; path = RouteNavigatorViewModel.swift; sourceTree = "<group>"; };
		746A18CF2F82B3340076A047 /* ChallengeCompletion.swift */ = {isa = PBXFileReference; lastKnownFileType = sourcecode.swift; path = ChallengeCompletion.swift; sourceTree = "<group>"; };
		746A18D02F82B3340076A047 /* ChallengeHubView.swift */ = {isa = PBXFileReference; lastKnownFileType = sourcecode.swift; path = ChallengeHubView.swift; sourceTree = "<group>"; };
		746A18D12F82B3340076A047 /* LevelGridView.swift */ = {isa = PBXFileReference; lastKnownFileType = sourcecode.swift; path = LevelGridView.swift; sourceTree = "<group>"; };
		746A18D32F82B3340076A047 /* HomeView.swift */ = {isa = PBXFileReference; lastKnownFileType = sourcecode.swift; path = HomeView.swift; sourceTree = "<group>"; };
		746A18D52F82B3340076A047 /* MainTabRouter.swift */ = {isa = PBXFileReference; lastKnownFileType = sourcecode.swift; path = MainTabRouter.swift; sourceTree = "<group>"; };
		746A18D62F82B3340076A047 /* MainTabShellView.swift */ = {isa = PBXFileReference; lastKnownFileType = sourcecode.swift; path = MainTabShellView.swift; sourceTree = "<group>"; };
		746A18D82F82B3340076A047 /* OnboardingFlowView.swift */ = {isa = PBXFileReference; lastKnownFileType = sourcecode.swift; path = OnboardingFlowView.swift; sourceTree = "<group>"; };
		746A18DA2F82B3340076A047 /* ProfileDashboardView.swift */ = {isa = PBXFileReference; lastKnownFileType = sourcecode.swift; path = ProfileDashboardView.swift; sourceTree = "<group>"; };
		746A18DC2F82B3340076A047 /* ActivityResultView.swift */ = {isa = PBXFileReference; lastKnownFileType = sourcecode.swift; path = ActivityResultView.swift; sourceTree = "<group>"; };
		746A18DE2F82B3340076A047 /* ContentView.swift */ = {isa = PBXFileReference; lastKnownFileType = sourcecode.swift; path = ContentView.swift; sourceTree = "<group>"; };
		746A18E02F82B3340076A047 /* SettingsView.swift */ = {isa = PBXFileReference; lastKnownFileType = sourcecode.swift; path = SettingsView.swift; sourceTree = "<group>"; };
		746A18E32F82B3340076A047 /* ActivityGlyphView.swift */ = {isa = PBXFileReference; lastKnownFileType = sourcecode.swift; path = ActivityGlyphView.swift; sourceTree = "<group>"; };
		746A18E42F82B3340076A047 /* AppTheme.swift */ = {isa = PBXFileReference; lastKnownFileType = sourcecode.swift; path = AppTheme.swift; sourceTree = "<group>"; };
		746A18E52F82B3340076A047 /* CustomTabBar.swift */ = {isa = PBXFileReference; lastKnownFileType = sourcecode.swift; path = CustomTabBar.swift; sourceTree = "<group>"; };
		746A18E62F82B3340076A047 /* ScrollScreen.swift */ = {isa = PBXFileReference; lastKnownFileType = sourcecode.swift; path = ScrollScreen.swift; sourceTree = "<group>"; };
		746A18E92F82B3340076A047 /* AppDelegate.swift */ = {isa = PBXFileReference; lastKnownFileType = sourcecode.swift; path = AppDelegate.swift; sourceTree = "<group>"; };
		746A18EA2F82B3340076A047 /* Assets.xcassets */ = {isa = PBXFileReference; lastKnownFileType = folder.assetcatalog; path = Assets.xcassets; sourceTree = "<group>"; };
		746A18EB2F82B3340076A047 /* Info.plist */ = {isa = PBXFileReference; lastKnownFileType = text.plist.xml; path = Info.plist; sourceTree = "<group>"; };
		746A18EC2F82B3340076A047 /* Base */ = {isa = PBXFileReference; lastKnownFileType = file.storyboard; name = Base; path = Base.lproj/LaunchScreen.storyboard; sourceTree = "<group>"; };
		746A18EE2F82B3340076A047 /* Base */ = {isa = PBXFileReference; lastKnownFileType = file.storyboard; name = Base; path = Base.lproj/Main.storyboard; sourceTree = "<group>"; };
		746A18F02F82B3340076A047 /* SceneDelegate.swift */ = {isa = PBXFileReference; lastKnownFileType = sourcecode.swift; path = SceneDelegate.swift; sourceTree = "<group>"; };
		746A18F12F82B3340076A047 /* ViewController.swift */ = {isa = PBXFileReference; lastKnownFileType = sourcecode.swift; path = ViewController.swift; sourceTree = "<group>"; };
		9DBE9E6782864D33152A8908 /* Pods-124RelgenxilSorslarzan.release.xcconfig */ = {isa = PBXFileReference; includeInIndex = 1; lastKnownFileType = text.xcconfig; name = "Pods-124RelgenxilSorslarzan.release.xcconfig"; path = "Target Support Files/Pods-124RelgenxilSorslarzan/Pods-124RelgenxilSorslarzan.release.xcconfig"; sourceTree = "<group>"; };
		BD3562F7F53A0C7C91802AE0 /* Pods-124RelgenxilSorslarzan.debug.xcconfig */ = {isa = PBXFileReference; includeInIndex = 1; lastKnownFileType = text.xcconfig; name = "Pods-124RelgenxilSorslarzan.debug.xcconfig"; path = "Target Support Files/Pods-124RelgenxilSorslarzan/Pods-124RelgenxilSorslarzan.debug.xcconfig"; sourceTree = "<group>"; };
		C59D11DD0E95D42EEA66F78D /* Pods_124RelgenxilSorslarzan.framework */ = {isa = PBXFileReference; explicitFileType = wrapper.framework; includeInIndex = 0; path = Pods_124RelgenxilSorslarzan.framework; sourceTree = BUILT_PRODUCTS_DIR; };
/* End PBXFileReference section */

/* Begin PBXFrameworksBuildPhase section */
		30555A602F8BB899006BEF5A /* Frameworks */ = {
			isa = PBXFrameworksBuildPhase;
			buildActionMask = 2147483647;
			files = (
				30555A712F8BB8B6006BEF5A /* FirebaseMessaging in Frameworks */,
			);
			runOnlyForDeploymentPostprocessing = 0;
		};
		746A17822F82A4EE0076A047 /* Frameworks */ = {
			isa = PBXFrameworksBuildPhase;
			buildActionMask = 2147483647;
			files = (
				30555A5A2F8BB85D006BEF5A /* FirebaseMessaging in Frameworks */,
				30555A5D2F8BB873006BEF5A /* AppsFlyerLib-Static in Frameworks */,
			);
			runOnlyForDeploymentPostprocessing = 0;
		};
/* End PBXFrameworksBuildPhase section */

/* Begin PBXGroup section */
		30555A4A2F8BB805006BEF5A /* Loading */ = {
			isa = PBXGroup;
			children = (
				30555A3D2F8BB805006BEF5A /* AppsFlyerManager.swift */,
				30555A3E2F8BB805006BEF5A /* ConfigManager.swift */,
				30555A3F2F8BB805006BEF5A /* LoadingManager.swift */,
				30555A402F8BB805006BEF5A /* LoadingView.swift */,
				30555A412F8BB805006BEF5A /* LoadingViewController.swift */,
				30555A422F8BB805006BEF5A /* NetworkAvailability.swift */,
				30555A432F8BB805006BEF5A /* NoInternetView.swift */,
				30555A442F8BB805006BEF5A /* NotificationPermissionManager.swift */,
				30555A452F8BB805006BEF5A /* NotificationPermissionView.swift */,
				30555A462F8BB805006BEF5A /* NotificationPermissionViewController.swift */,
				30555A472F8BB805006BEF5A /* PushNotificationURLRouter.swift */,
				30555A482F8BB805006BEF5A /* UserAgentBuilder.swift */,
				30555A492F8BB805006BEF5A /* WebviewVC.swift */,
			);
			path = Loading;
			sourceTree = "<group>";
		};
		30555A742F8BB8E4006BEF5A /* NotificationServiceExtension */ = {
			isa = PBXGroup;
			children = (
				30555A722F8BB8E4006BEF5A /* Info.plist */,
				30555A732F8BB8E4006BEF5A /* NotificationService.swift */,
			);
			path = NotificationServiceExtension;
			sourceTree = "<group>";
		};
		746A177C2F82A4EE0076A047 = {
			isa = PBXGroup;
			children = (
				746A18F22F82B3340076A047 /* 124RelgenxilSorslarzan */,
				30555A742F8BB8E4006BEF5A /* NotificationServiceExtension */,
				746A17862F82A4EE0076A047 /* Products */,
				B8A44EB2BFFE9F497F8469BA /* Pods */,
				A667D4446EA3CF33D633D2E5 /* Frameworks */,
			);
			sourceTree = "<group>";
		};
		746A17862F82A4EE0076A047 /* Products */ = {
			isa = PBXGroup;
			children = (
				746A17852F82A4EE0076A047 /* 124RelgenxilSorslarzan.app */,
				30555A632F8BB899006BEF5A /* NotificationServiceExtension.appex */,
			);
			name = Products;
			sourceTree = "<group>";
		};
		746A18BD2F82B3340076A047 /* Extensions */ = {
			isa = PBXGroup;
			children = (
				746A18BC2F82B3340076A047 /* Color+App.swift */,
			);
			path = Extensions;
			sourceTree = "<group>";
		};
		746A18BF2F82B3340076A047 /* Core */ = {
			isa = PBXGroup;
			children = (
				746A18BD2F82B3340076A047 /* Extensions */,
				746A18BE2F82B3340076A047 /* AppExternalLink.swift */,
			);
			path = Core;
			sourceTree = "<group>";
		};
		746A18C12F82B3340076A047 /* Data */ = {
			isa = PBXGroup;
			children = (
				746A18C02F82B3340076A047 /* AppStorage.swift */,
			);
			path = Data;
			sourceTree = "<group>";
		};
		746A18C32F82B3340076A047 /* Models */ = {
			isa = PBXGroup;
			children = (
				746A18C22F82B3340076A047 /* NavigationModels.swift */,
			);
			path = Models;
			sourceTree = "<group>";
		};
		746A18C42F82B3340076A047 /* Domain */ = {
			isa = PBXGroup;
			children = (
				746A18C32F82B3340076A047 /* Models */,
			);
			path = Domain;
			sourceTree = "<group>";
		};
		746A18C72F82B3340076A047 /* CompassChallenge */ = {
			isa = PBXGroup;
			children = (
				746A18C52F82B3340076A047 /* CompassChallengeView.swift */,
				746A18C62F82B3340076A047 /* CompassChallengeViewModel.swift */,
			);
			path = CompassChallenge;
			sourceTree = "<group>";
		};
		746A18CA2F82B3340076A047 /* LandmarkLocator */ = {
			isa = PBXGroup;
			children = (
				746A18C82F82B3340076A047 /* LandmarkLocatorView.swift */,
				746A18C92F82B3340076A047 /* LandmarkLocatorViewModel.swift */,
			);
			path = LandmarkLocator;
			sourceTree = "<group>";
		};
		746A18CD2F82B3340076A047 /* RouteNavigator */ = {
			isa = PBXGroup;
			children = (
				746A18CB2F82B3340076A047 /* RouteNavigatorView.swift */,
				746A18CC2F82B3340076A047 /* RouteNavigatorViewModel.swift */,
			);
			path = RouteNavigator;
			sourceTree = "<group>";
		};
		746A18CE2F82B3340076A047 /* Activities */ = {
			isa = PBXGroup;
			children = (
				746A18C72F82B3340076A047 /* CompassChallenge */,
				746A18CA2F82B3340076A047 /* LandmarkLocator */,
				746A18CD2F82B3340076A047 /* RouteNavigator */,
			);
			path = Activities;
			sourceTree = "<group>";
		};
		746A18D22F82B3340076A047 /* Challenges */ = {
			isa = PBXGroup;
			children = (
				746A18CF2F82B3340076A047 /* ChallengeCompletion.swift */,
				746A18D02F82B3340076A047 /* ChallengeHubView.swift */,
				746A18D12F82B3340076A047 /* LevelGridView.swift */,
			);
			path = Challenges;
			sourceTree = "<group>";
		};
		746A18D42F82B3340076A047 /* Home */ = {
			isa = PBXGroup;
			children = (
				746A18D32F82B3340076A047 /* HomeView.swift */,
			);
			path = Home;
			sourceTree = "<group>";
		};
		746A18D72F82B3340076A047 /* Main */ = {
			isa = PBXGroup;
			children = (
				746A18D52F82B3340076A047 /* MainTabRouter.swift */,
				746A18D62F82B3340076A047 /* MainTabShellView.swift */,
			);
			path = Main;
			sourceTree = "<group>";
		};
		746A18D92F82B3340076A047 /* Onboarding */ = {
			isa = PBXGroup;
			children = (
				746A18D82F82B3340076A047 /* OnboardingFlowView.swift */,
			);
			path = Onboarding;
			sourceTree = "<group>";
		};
		746A18DB2F82B3340076A047 /* Profile */ = {
			isa = PBXGroup;
			children = (
				746A18DA2F82B3340076A047 /* ProfileDashboardView.swift */,
			);
			path = Profile;
			sourceTree = "<group>";
		};
		746A18DD2F82B3340076A047 /* Results */ = {
			isa = PBXGroup;
			children = (
				746A18DC2F82B3340076A047 /* ActivityResultView.swift */,
			);
			path = Results;
			sourceTree = "<group>";
		};
		746A18DF2F82B3340076A047 /* Root */ = {
			isa = PBXGroup;
			children = (
				746A18DE2F82B3340076A047 /* ContentView.swift */,
			);
			path = Root;
			sourceTree = "<group>";
		};
		746A18E12F82B3340076A047 /* Settings */ = {
			isa = PBXGroup;
			children = (
				746A18E02F82B3340076A047 /* SettingsView.swift */,
			);
			path = Settings;
			sourceTree = "<group>";
		};
		746A18E22F82B3340076A047 /* Features */ = {
			isa = PBXGroup;
			children = (
				746A18CE2F82B3340076A047 /* Activities */,
				746A18D22F82B3340076A047 /* Challenges */,
				746A18D42F82B3340076A047 /* Home */,
				746A18D72F82B3340076A047 /* Main */,
				746A18D92F82B3340076A047 /* Onboarding */,
				746A18DB2F82B3340076A047 /* Profile */,
				746A18DD2F82B3340076A047 /* Results */,
				746A18DF2F82B3340076A047 /* Root */,
				746A18E12F82B3340076A047 /* Settings */,
			);
			path = Features;
			sourceTree = "<group>";
		};
		746A18E72F82B3340076A047 /* Components */ = {
			isa = PBXGroup;
			children = (
				746A18E32F82B3340076A047 /* ActivityGlyphView.swift */,
				746A18E42F82B3340076A047 /* AppTheme.swift */,
				746A18E52F82B3340076A047 /* CustomTabBar.swift */,
				746A18E62F82B3340076A047 /* ScrollScreen.swift */,
			);
			path = Components;
			sourceTree = "<group>";
		};
		746A18E82F82B3340076A047 /* Shared */ = {
			isa = PBXGroup;
			children = (
				746A18E72F82B3340076A047 /* Components */,
			);
			path = Shared;
			sourceTree = "<group>";
		};
		746A18F22F82B3340076A047 /* 124RelgenxilSorslarzan */ = {
			isa = PBXGroup;
			children = (
				30555A5E2F8BB87C006BEF5A /* 124RelgenxilSorslarzan.entitlements */,
				746A18BF2F82B3340076A047 /* Core */,
				746A18C12F82B3340076A047 /* Data */,
				746A18C42F82B3340076A047 /* Domain */,
				746A18E22F82B3340076A047 /* Features */,
				746A18E82F82B3340076A047 /* Shared */,
				746A18E92F82B3340076A047 /* AppDelegate.swift */,
				746A18EA2F82B3340076A047 /* Assets.xcassets */,
				746A18EB2F82B3340076A047 /* Info.plist */,
				746A18ED2F82B3340076A047 /* LaunchScreen.storyboard */,
				746A18EF2F82B3340076A047 /* Main.storyboard */,
				746A18F02F82B3340076A047 /* SceneDelegate.swift */,
				746A18F12F82B3340076A047 /* ViewController.swift */,
				30555A4A2F8BB805006BEF5A /* Loading */,
				30555A772F8BB9B1006BEF5A /* GoogleService-Info.plist */,
			);
			path = 124RelgenxilSorslarzan;
			sourceTree = "<group>";
		};
		A667D4446EA3CF33D633D2E5 /* Frameworks */ = {
			isa = PBXGroup;
			children = (
				C59D11DD0E95D42EEA66F78D /* Pods_124RelgenxilSorslarzan.framework */,
			);
			name = Frameworks;
			sourceTree = "<group>";
		};
		B8A44EB2BFFE9F497F8469BA /* Pods */ = {
			isa = PBXGroup;
			children = (
				BD3562F7F53A0C7C91802AE0 /* Pods-124RelgenxilSorslarzan.debug.xcconfig */,
				9DBE9E6782864D33152A8908 /* Pods-124RelgenxilSorslarzan.release.xcconfig */,
			);
			path = Pods;
			sourceTree = "<group>";
		};
/* End PBXGroup section */

/* Begin PBXNativeTarget section */
		30555A622F8BB899006BEF5A /* NotificationServiceExtension */ = {
			isa = PBXNativeTarget;
			buildConfigurationList = 30555A6C2F8BB899006BEF5A /* Build configuration list for PBXNativeTarget "NotificationServiceExtension" */;
			buildPhases = (
				30555A5F2F8BB899006BEF5A /* Sources */,
				30555A602F8BB899006BEF5A /* Frameworks */,
				30555A612F8BB899006BEF5A /* Resources */,
			);
			buildRules = (
			);
			dependencies = (
			);
			name = NotificationServiceExtension;
			packageProductDependencies = (
				30555A702F8BB8B6006BEF5A /* FirebaseMessaging */,
			);
			productName = NotificationServiceExtension;
			productReference = 30555A632F8BB899006BEF5A /* NotificationServiceExtension.appex */;
			productType = "com.apple.product-type.app-extension";
		};
		746A17842F82A4EE0076A047 /* 124RelgenxilSorslarzan */ = {
			isa = PBXNativeTarget;
			buildConfigurationList = 746A17982F82A4F00076A047 /* Build configuration list for PBXNativeTarget "124RelgenxilSorslarzan" */;
			buildPhases = (
				88A41B1FEFF5E7E6019ACB77 /* [CP] Check Pods Manifest.lock */,
				746A17812F82A4EE0076A047 /* Sources */,
				746A17822F82A4EE0076A047 /* Frameworks */,
				746A17832F82A4EE0076A047 /* Resources */,
				30555A6F2F8BB899006BEF5A /* Embed Foundation Extensions */,
			);
			buildRules = (
			);
			dependencies = (
				30555A692F8BB899006BEF5A /* PBXTargetDependency */,
			);
			name = 124RelgenxilSorslarzan;
			productName = 124RelgenxilSorslarzan;
			productReference = 746A17852F82A4EE0076A047 /* 124RelgenxilSorslarzan.app */;
			productType = "com.apple.product-type.application";
		};
/* End PBXNativeTarget section */

/* Begin PBXProject section */
		746A177D2F82A4EE0076A047 /* Project object */ = {
			isa = PBXProject;
			attributes = {
				BuildIndependentTargetsInParallel = 1;
				LastSwiftUpdateCheck = 2640;
				LastUpgradeCheck = 2620;
				TargetAttributes = {
					30555A622F8BB899006BEF5A = {
						CreatedOnToolsVersion = 26.4;
					};
					746A17842F82A4EE0076A047 = {
						CreatedOnToolsVersion = 26.2;
					};
				};
			};
			buildConfigurationList = 746A17802F82A4EE0076A047 /* Build configuration list for PBXProject "124RelgenxilSorslarzan" */;
			compatibilityVersion = "Xcode 15.0";
			developmentRegion = en;
			hasScannedForEncodings = 0;
			knownRegions = (
				en,
				Base,
			);
			mainGroup = 746A177C2F82A4EE0076A047;
			packageReferences = (
				30555A582F8BB85D006BEF5A /* XCRemoteSwiftPackageReference "firebase-ios-sdk" */,
				30555A5B2F8BB873006BEF5A /* XCRemoteSwiftPackageReference "AppsFlyerFramework-Static" */,
			);
			productRefGroup = 746A17862F82A4EE0076A047 /* Products */;
			projectDirPath = "";
			projectRoot = "";
			targets = (
				746A17842F82A4EE0076A047 /* 124RelgenxilSorslarzan */,
				30555A622F8BB899006BEF5A /* NotificationServiceExtension */,
			);
		};
/* End PBXProject section */

/* Begin PBXResourcesBuildPhase section */
		30555A612F8BB899006BEF5A /* Resources */ = {
			isa = PBXResourcesBuildPhase;
			buildActionMask = 2147483647;
			files = (
			);
			runOnlyForDeploymentPostprocessing = 0;
		};
		746A17832F82A4EE0076A047 /* Resources */ = {
			isa = PBXResourcesBuildPhase;
			buildActionMask = 2147483647;
			files = (
				746A190F2F82B3340076A047 /* Assets.xcassets in Resources */,
				30555A782F8BB9B1006BEF5A /* GoogleService-Info.plist in Resources */,
				746A19112F82B3340076A047 /* LaunchScreen.storyboard in Resources */,
				746A19122F82B3340076A047 /* Main.storyboard in Resources */,
			);
			runOnlyForDeploymentPostprocessing = 0;
		};
/* End PBXResourcesBuildPhase section */

/* Begin PBXShellScriptBuildPhase section */
		88A41B1FEFF5E7E6019ACB77 /* [CP] Check Pods Manifest.lock */ = {
			isa = PBXShellScriptBuildPhase;
			buildActionMask = 2147483647;
			files = (
			);
			inputFileListPaths = (
			);
			inputPaths = (
				"${PODS_PODFILE_DIR_PATH}/Podfile.lock",
				"${PODS_ROOT}/Manifest.lock",
			);
			name = "[CP] Check Pods Manifest.lock";
			outputFileListPaths = (
			);
			outputPaths = (
				"$(DERIVED_FILE_DIR)/Pods-124RelgenxilSorslarzan-checkManifestLockResult.txt",
			);
			runOnlyForDeploymentPostprocessing = 0;
			shellPath = /bin/sh;
			shellScript = "diff \"${PODS_PODFILE_DIR_PATH}/Podfile.lock\" \"${PODS_ROOT}/Manifest.lock\" > /dev/null\nif [ $? != 0 ] ; then\n    # print error to STDERR\n    echo \"error: The sandbox is not in sync with the Podfile.lock. Run 'pod install' or update your CocoaPods installation.\" >&2\n    exit 1\nfi\n# This output is used by Xcode 'outputs' to avoid re-running this script phase.\necho \"SUCCESS\" > \"${SCRIPT_OUTPUT_FILE_0}\"\n";
			showEnvVarsInLog = 0;
		};
/* End PBXShellScriptBuildPhase section */

/* Begin PBXSourcesBuildPhase section */
		30555A5F2F8BB899006BEF5A /* Sources */ = {
			isa = PBXSourcesBuildPhase;
			buildActionMask = 2147483647;
			files = (
				30555A752F8BB8E4006BEF5A /* NotificationService.swift in Sources */,
			);
			runOnlyForDeploymentPostprocessing = 0;
		};
		746A17812F82A4EE0076A047 /* Sources */ = {
			isa = PBXSourcesBuildPhase;
			buildActionMask = 2147483647;
			files = (
				746A18F32F82B3340076A047 /* Color+App.swift in Sources */,
				746A18F42F82B3340076A047 /* AppExternalLink.swift in Sources */,
				746A18F52F82B3340076A047 /* AppStorage.swift in Sources */,
				746A18F62F82B3340076A047 /* NavigationModels.swift in Sources */,
				746A18F72F82B3340076A047 /* CompassChallengeView.swift in Sources */,
				746A18F82F82B3340076A047 /* CompassChallengeViewModel.swift in Sources */,
				746A18F92F82B3340076A047 /* LandmarkLocatorView.swift in Sources */,
				746A18FA2F82B3340076A047 /* LandmarkLocatorViewModel.swift in Sources */,
				746A18FB2F82B3340076A047 /* RouteNavigatorView.swift in Sources */,
				746A18FC2F82B3340076A047 /* RouteNavigatorViewModel.swift in Sources */,
				746A18FD2F82B3340076A047 /* ChallengeCompletion.swift in Sources */,
				746A18FE2F82B3340076A047 /* ChallengeHubView.swift in Sources */,
				746A18FF2F82B3340076A047 /* LevelGridView.swift in Sources */,
				746A19002F82B3340076A047 /* HomeView.swift in Sources */,
				746A19012F82B3340076A047 /* MainTabRouter.swift in Sources */,
				746A19022F82B3340076A047 /* MainTabShellView.swift in Sources */,
				30555A4B2F8BB805006BEF5A /* LoadingView.swift in Sources */,
				30555A4C2F8BB805006BEF5A /* NotificationPermissionViewController.swift in Sources */,
				30555A4D2F8BB805006BEF5A /* UserAgentBuilder.swift in Sources */,
				30555A4E2F8BB805006BEF5A /* NetworkAvailability.swift in Sources */,
				30555A4F2F8BB805006BEF5A /* WebviewVC.swift in Sources */,
				30555A502F8BB805006BEF5A /* NotificationPermissionManager.swift in Sources */,
				30555A512F8BB805006BEF5A /* LoadingManager.swift in Sources */,
				30555A522F8BB805006BEF5A /* PushNotificationURLRouter.swift in Sources */,
				30555A532F8BB805006BEF5A /* AppsFlyerManager.swift in Sources */,
				30555A542F8BB805006BEF5A /* ConfigManager.swift in Sources */,
				30555A552F8BB805006BEF5A /* NoInternetView.swift in Sources */,
				30555A562F8BB805006BEF5A /* NotificationPermissionView.swift in Sources */,
				30555A572F8BB805006BEF5A /* LoadingViewController.swift in Sources */,
				746A19032F82B3340076A047 /* OnboardingFlowView.swift in Sources */,
				746A19042F82B3340076A047 /* ProfileDashboardView.swift in Sources */,
				746A19052F82B3340076A047 /* ActivityResultView.swift in Sources */,
				746A19062F82B3340076A047 /* ContentView.swift in Sources */,
				746A19072F82B3340076A047 /* SettingsView.swift in Sources */,
				746A19082F82B3340076A047 /* ActivityGlyphView.swift in Sources */,
				746A19092F82B3340076A047 /* AppTheme.swift in Sources */,
				746A190A2F82B3340076A047 /* CustomTabBar.swift in Sources */,
				746A190B2F82B3340076A047 /* ScrollScreen.swift in Sources */,
				746A190C2F82B3340076A047 /* AppDelegate.swift in Sources */,
				746A190D2F82B3340076A047 /* SceneDelegate.swift in Sources */,
				746A190E2F82B3340076A047 /* ViewController.swift in Sources */,
			);
			runOnlyForDeploymentPostprocessing = 0;
		};
/* End PBXSourcesBuildPhase section */

/* Begin PBXTargetDependency section */
		30555A692F8BB899006BEF5A /* PBXTargetDependency */ = {
			isa = PBXTargetDependency;
			target = 30555A622F8BB899006BEF5A /* NotificationServiceExtension */;
			targetProxy = 30555A682F8BB899006BEF5A /* PBXContainerItemProxy */;
		};
/* End PBXTargetDependency section */

/* Begin PBXVariantGroup section */
		746A18ED2F82B3340076A047 /* LaunchScreen.storyboard */ = {
			isa = PBXVariantGroup;
			children = (
				746A18EC2F82B3340076A047 /* Base */,
			);
			name = LaunchScreen.storyboard;
			sourceTree = "<group>";
		};
		746A18EF2F82B3340076A047 /* Main.storyboard */ = {
			isa = PBXVariantGroup;
			children = (
				746A18EE2F82B3340076A047 /* Base */,
			);
			name = Main.storyboard;
			sourceTree = "<group>";
		};
/* End PBXVariantGroup section */

/* Begin XCBuildConfiguration section */
		30555A6D2F8BB899006BEF5A /* Debug */ = {
			isa = XCBuildConfiguration;
			buildSettings = {
				CODE_SIGN_STYLE = Automatic;
				CURRENT_PROJECT_VERSION = 1;
				GENERATE_INFOPLIST_FILE = YES;
				INFOPLIST_FILE = NotificationServiceExtension/Info.plist;
				INFOPLIST_KEY_CFBundleDisplayName = NotificationServiceExtension;
				INFOPLIST_KEY_NSHumanReadableCopyright = "";
				IPHONEOS_DEPLOYMENT_TARGET = 16.6;
				LD_RUNPATH_SEARCH_PATHS = (
					"$(inherited)",
					"@executable_path/Frameworks",
					"@executable_path/../../Frameworks",
				);
				MARKETING_VERSION = 1.2;
				PRODUCT_BUNDLE_IDENTIFIER = com.jev.r8lg2nx9ls9rs.NotificationServiceExtension;
				PRODUCT_NAME = "$(TARGET_NAME)";
				SKIP_INSTALL = YES;
				STRING_CATALOG_GENERATE_SYMBOLS = YES;
				SUPPORTED_PLATFORMS = "iphoneos iphonesimulator";
				SUPPORTS_MACCATALYST = NO;
				SUPPORTS_MAC_DESIGNED_FOR_IPHONE_IPAD = NO;
				SUPPORTS_XR_DESIGNED_FOR_IPHONE_IPAD = NO;
				SWIFT_APPROACHABLE_CONCURRENCY = YES;
				SWIFT_EMIT_LOC_STRINGS = YES;
				SWIFT_UPCOMING_FEATURE_MEMBER_IMPORT_VISIBILITY = YES;
				SWIFT_VERSION = 5.0;
				TARGETED_DEVICE_FAMILY = 1;
			};
			name = Debug;
		};
		30555A6E2F8BB899006BEF5A /* Release */ = {
			isa = XCBuildConfiguration;
			buildSettings = {
				CODE_SIGN_STYLE = Automatic;
				CURRENT_PROJECT_VERSION = 1;
				GENERATE_INFOPLIST_FILE = YES;
				INFOPLIST_FILE = NotificationServiceExtension/Info.plist;
				INFOPLIST_KEY_CFBundleDisplayName = NotificationServiceExtension;
				INFOPLIST_KEY_NSHumanReadableCopyright = "";
				IPHONEOS_DEPLOYMENT_TARGET = 16.6;
				LD_RUNPATH_SEARCH_PATHS = (
					"$(inherited)",
					"@executable_path/Frameworks",
					"@executable_path/../../Frameworks",
				);
				MARKETING_VERSION = 1.2;
				PRODUCT_BUNDLE_IDENTIFIER = com.jev.r8lg2nx9ls9rs.NotificationServiceExtension;
				PRODUCT_NAME = "$(TARGET_NAME)";
				SKIP_INSTALL = YES;
				STRING_CATALOG_GENERATE_SYMBOLS = YES;
				SUPPORTED_PLATFORMS = "iphoneos iphonesimulator";
				SUPPORTS_MACCATALYST = NO;
				SUPPORTS_MAC_DESIGNED_FOR_IPHONE_IPAD = NO;
				SUPPORTS_XR_DESIGNED_FOR_IPHONE_IPAD = NO;
				SWIFT_APPROACHABLE_CONCURRENCY = YES;
				SWIFT_EMIT_LOC_STRINGS = YES;
				SWIFT_UPCOMING_FEATURE_MEMBER_IMPORT_VISIBILITY = YES;
				SWIFT_VERSION = 5.0;
				TARGETED_DEVICE_FAMILY = 1;
			};
			name = Release;
		};
		746A17992F82A4F00076A047 /* Debug */ = {
			isa = XCBuildConfiguration;
			baseConfigurationReference = BD3562F7F53A0C7C91802AE0 /* Pods-124RelgenxilSorslarzan.debug.xcconfig */;
			buildSettings = {
				ASSETCATALOG_COMPILER_APPICON_NAME = AppIcon;
				ASSETCATALOG_COMPILER_GENERATE_SWIFT_ASSET_SYMBOLS = NO;
				ASSETCATALOG_COMPILER_GENERATE_SWIFT_ASSET_SYMBOL_EXTENSIONS = NO;
				ASSETCATALOG_COMPILER_GLOBAL_ACCENT_COLOR_NAME = AccentColor;
				CODE_SIGN_ENTITLEMENTS = 124RelgenxilSorslarzan/124RelgenxilSorslarzan.entitlements;
				CODE_SIGN_STYLE = Automatic;
				CURRENT_PROJECT_VERSION = 1;
				GENERATE_INFOPLIST_FILE = YES;
				INFOPLIST_FILE = 124RelgenxilSorslarzan/Info.plist;
				INFOPLIST_KEY_CFBundleDisplayName = "Relgenxil Sorslarzan";
				INFOPLIST_KEY_NSCameraUsageDescription = "We use the camera to let you capture photos and videos inside web content.";
				INFOPLIST_KEY_NSMicrophoneUsageDescription = "We use the microphone to record audio for camera and web content.";
				INFOPLIST_KEY_NSUserTrackingUsageDescription = "We use this data to measure ad campaigns and improve your experience in the app.";
				INFOPLIST_KEY_UIApplicationSupportsIndirectInputEvents = YES;
				INFOPLIST_KEY_UILaunchStoryboardName = LaunchScreen;
				INFOPLIST_KEY_UIMainStoryboardFile = Main;
				INFOPLIST_KEY_UIRequiresFullScreen = YES;
				INFOPLIST_KEY_UISupportedInterfaceOrientations = "UIInterfaceOrientationLandscapeLeft UIInterfaceOrientationLandscapeRight UIInterfaceOrientationPortrait";
				INFOPLIST_KEY_UISupportedInterfaceOrientations_iPad = UIInterfaceOrientationPortrait;
				IPHONEOS_DEPLOYMENT_TARGET = 16.0;
				LD_RUNPATH_SEARCH_PATHS = (
					"$(inherited)",
					"@executable_path/Frameworks",
				);
				MARKETING_VERSION = 1.2;
				PRODUCT_BUNDLE_IDENTIFIER = com.jev.r8lg2nx9ls9rs;
				PRODUCT_NAME = "$(TARGET_NAME)";
				STRING_CATALOG_GENERATE_SYMBOLS = YES;
				SUPPORTED_PLATFORMS = "iphoneos iphonesimulator";
				SUPPORTS_MACCATALYST = NO;
				SUPPORTS_MAC_DESIGNED_FOR_IPHONE_IPAD = NO;
				SUPPORTS_XR_DESIGNED_FOR_IPHONE_IPAD = NO;
				SWIFT_APPROACHABLE_CONCURRENCY = YES;
				SWIFT_DEFAULT_ACTOR_ISOLATION = MainActor;
				SWIFT_EMIT_LOC_STRINGS = YES;
				SWIFT_UPCOMING_FEATURE_MEMBER_IMPORT_VISIBILITY = YES;
				SWIFT_VERSION = 5.0;
				TARGETED_DEVICE_FAMILY = 1;
			};
			name = Debug;
		};
		746A179A2F82A4F00076A047 /* Release */ = {
			isa = XCBuildConfiguration;
			baseConfigurationReference = 9DBE9E6782864D33152A8908 /* Pods-124RelgenxilSorslarzan.release.xcconfig */;
			buildSettings = {
				ASSETCATALOG_COMPILER_APPICON_NAME = AppIcon;
				ASSETCATALOG_COMPILER_GENERATE_SWIFT_ASSET_SYMBOLS = NO;
				ASSETCATALOG_COMPILER_GENERATE_SWIFT_ASSET_SYMBOL_EXTENSIONS = NO;
				ASSETCATALOG_COMPILER_GLOBAL_ACCENT_COLOR_NAME = AccentColor;
				CODE_SIGN_ENTITLEMENTS = 124RelgenxilSorslarzan/124RelgenxilSorslarzan.entitlements;
				CODE_SIGN_STYLE = Automatic;
				CURRENT_PROJECT_VERSION = 1;
				GENERATE_INFOPLIST_FILE = YES;
				INFOPLIST_FILE = 124RelgenxilSorslarzan/Info.plist;
				INFOPLIST_KEY_CFBundleDisplayName = "Relgenxil Sorslarzan";
				INFOPLIST_KEY_NSCameraUsageDescription = "We use the camera to let you capture photos and videos inside web content.";
				INFOPLIST_KEY_NSMicrophoneUsageDescription = "We use the microphone to record audio for camera and web content.";
				INFOPLIST_KEY_NSUserTrackingUsageDescription = "We use this data to measure ad campaigns and improve your experience in the app.";
				INFOPLIST_KEY_UIApplicationSupportsIndirectInputEvents = YES;
				INFOPLIST_KEY_UILaunchStoryboardName = LaunchScreen;
				INFOPLIST_KEY_UIMainStoryboardFile = Main;
				INFOPLIST_KEY_UIRequiresFullScreen = YES;
				INFOPLIST_KEY_UISupportedInterfaceOrientations = "UIInterfaceOrientationLandscapeLeft UIInterfaceOrientationLandscapeRight UIInterfaceOrientationPortrait";
				INFOPLIST_KEY_UISupportedInterfaceOrientations_iPad = UIInterfaceOrientationPortrait;
				IPHONEOS_DEPLOYMENT_TARGET = 16.0;
				LD_RUNPATH_SEARCH_PATHS = (
					"$(inherited)",
					"@executable_path/Frameworks",
				);
				MARKETING_VERSION = 1.2;
				PRODUCT_BUNDLE_IDENTIFIER = com.jev.r8lg2nx9ls9rs;
				PRODUCT_NAME = "$(TARGET_NAME)";
				STRING_CATALOG_GENERATE_SYMBOLS = YES;
				SUPPORTED_PLATFORMS = "iphoneos iphonesimulator";
				SUPPORTS_MACCATALYST = NO;
				SUPPORTS_MAC_DESIGNED_FOR_IPHONE_IPAD = NO;
				SUPPORTS_XR_DESIGNED_FOR_IPHONE_IPAD = NO;
				SWIFT_APPROACHABLE_CONCURRENCY = YES;
				SWIFT_DEFAULT_ACTOR_ISOLATION = MainActor;
				SWIFT_EMIT_LOC_STRINGS = YES;
				SWIFT_UPCOMING_FEATURE_MEMBER_IMPORT_VISIBILITY = YES;
				SWIFT_VERSION = 5.0;
				TARGETED_DEVICE_FAMILY = 1;
			};
			name = Release;
		};
		746A179B2F82A4F00076A047 /* Debug */ = {
			isa = XCBuildConfiguration;
			buildSettings = {
				ALWAYS_SEARCH_USER_PATHS = NO;
				ASSETCATALOG_COMPILER_GENERATE_SWIFT_ASSET_SYMBOL_EXTENSIONS = YES;
				CLANG_ANALYZER_NONNULL = YES;
				CLANG_ANALYZER_NUMBER_OBJECT_CONVERSION = YES_AGGRESSIVE;
				CLANG_CXX_LANGUAGE_STANDARD = "gnu++20";
				CLANG_ENABLE_MODULES = YES;
				CLANG_ENABLE_OBJC_ARC = YES;
				CLANG_ENABLE_OBJC_WEAK = YES;
				CLANG_WARN_BLOCK_CAPTURE_AUTORELEASING = YES;
				CLANG_WARN_BOOL_CONVERSION = YES;
				CLANG_WARN_COMMA = YES;
				CLANG_WARN_CONSTANT_CONVERSION = YES;
				CLANG_WARN_DEPRECATED_OBJC_IMPLEMENTATIONS = YES;
				CLANG_WARN_DIRECT_OBJC_ISA_USAGE = YES_ERROR;
				CLANG_WARN_DOCUMENTATION_COMMENTS = YES;
				CLANG_WARN_EMPTY_BODY = YES;
				CLANG_WARN_ENUM_CONVERSION = YES;
				CLANG_WARN_INFINITE_RECURSION = YES;
				CLANG_WARN_INT_CONVERSION = YES;
				CLANG_WARN_NON_LITERAL_NULL_CONVERSION = YES;
				CLANG_WARN_OBJC_IMPLICIT_RETAIN_SELF = YES;
				CLANG_WARN_OBJC_LITERAL_CONVERSION = YES;
				CLANG_WARN_OBJC_ROOT_CLASS = YES_ERROR;
				CLANG_WARN_QUOTED_INCLUDE_IN_FRAMEWORK_HEADER = YES;
				CLANG_WARN_RANGE_LOOP_ANALYSIS = YES;
				CLANG_WARN_STRICT_PROTOTYPES = YES;
				CLANG_WARN_SUSPICIOUS_MOVE = YES;
				CLANG_WARN_UNGUARDED_AVAILABILITY = YES_AGGRESSIVE;
				CLANG_WARN_UNREACHABLE_CODE = YES;
				CLANG_WARN__DUPLICATE_METHOD_MATCH = YES;
				COPY_PHASE_STRIP = NO;
				DEBUG_INFORMATION_FORMAT = dwarf;
				ENABLE_STRICT_OBJC_MSGSEND = YES;
				ENABLE_TESTABILITY = YES;
				ENABLE_USER_SCRIPT_SANDBOXING = YES;
				GCC_C_LANGUAGE_STANDARD = gnu17;
				GCC_DYNAMIC_NO_PIC = NO;
				GCC_NO_COMMON_BLOCKS = YES;
				GCC_OPTIMIZATION_LEVEL = 0;
				GCC_PREPROCESSOR_DEFINITIONS = (
					"DEBUG=1",
					"$(inherited)",
				);
				GCC_WARN_64_TO_32_BIT_CONVERSION = YES;
				GCC_WARN_ABOUT_RETURN_TYPE = YES_ERROR;
				GCC_WARN_UNDECLARED_SELECTOR = YES;
				GCC_WARN_UNINITIALIZED_AUTOS = YES_AGGRESSIVE;
				GCC_WARN_UNUSED_FUNCTION = YES;
				GCC_WARN_UNUSED_VARIABLE = YES;
				IPHONEOS_DEPLOYMENT_TARGET = 26.2;
				LOCALIZATION_PREFERS_STRING_CATALOGS = YES;
				MTL_ENABLE_DEBUG_INFO = INCLUDE_SOURCE;
				MTL_FAST_MATH = YES;
				ONLY_ACTIVE_ARCH = YES;
				SDKROOT = iphoneos;
				SWIFT_ACTIVE_COMPILATION_CONDITIONS = "DEBUG $(inherited)";
				SWIFT_OPTIMIZATION_LEVEL = "-Onone";
			};
			name = Debug;
		};
		746A179C2F82A4F00076A047 /* Release */ = {
			isa = XCBuildConfiguration;
			buildSettings = {
				ALWAYS_SEARCH_USER_PATHS = NO;
				ASSETCATALOG_COMPILER_GENERATE_SWIFT_ASSET_SYMBOL_EXTENSIONS = YES;
				CLANG_ANALYZER_NONNULL = YES;
				CLANG_ANALYZER_NUMBER_OBJECT_CONVERSION = YES_AGGRESSIVE;
				CLANG_CXX_LANGUAGE_STANDARD = "gnu++20";
				CLANG_ENABLE_MODULES = YES;
				CLANG_ENABLE_OBJC_ARC = YES;
				CLANG_ENABLE_OBJC_WEAK = YES;
				CLANG_WARN_BLOCK_CAPTURE_AUTORELEASING = YES;
				CLANG_WARN_BOOL_CONVERSION = YES;
				CLANG_WARN_COMMA = YES;
				CLANG_WARN_CONSTANT_CONVERSION = YES;
				CLANG_WARN_DEPRECATED_OBJC_IMPLEMENTATIONS = YES;
				CLANG_WARN_DIRECT_OBJC_ISA_USAGE = YES_ERROR;
				CLANG_WARN_DOCUMENTATION_COMMENTS = YES;
				CLANG_WARN_EMPTY_BODY = YES;
				CLANG_WARN_ENUM_CONVERSION = YES;
				CLANG_WARN_INFINITE_RECURSION = YES;
				CLANG_WARN_INT_CONVERSION = YES;
				CLANG_WARN_NON_LITERAL_NULL_CONVERSION = YES;
				CLANG_WARN_OBJC_IMPLICIT_RETAIN_SELF = YES;
				CLANG_WARN_OBJC_LITERAL_CONVERSION = YES;
				CLANG_WARN_OBJC_ROOT_CLASS = YES_ERROR;
				CLANG_WARN_QUOTED_INCLUDE_IN_FRAMEWORK_HEADER = YES;
				CLANG_WARN_RANGE_LOOP_ANALYSIS = YES;
				CLANG_WARN_STRICT_PROTOTYPES = YES;
				CLANG_WARN_SUSPICIOUS_MOVE = YES;
				CLANG_WARN_UNGUARDED_AVAILABILITY = YES_AGGRESSIVE;
				CLANG_WARN_UNREACHABLE_CODE = YES;
				CLANG_WARN__DUPLICATE_METHOD_MATCH = YES;
				COPY_PHASE_STRIP = NO;
				DEBUG_INFORMATION_FORMAT = "dwarf-with-dsym";
				ENABLE_NS_ASSERTIONS = NO;
				ENABLE_STRICT_OBJC_MSGSEND = YES;
				ENABLE_USER_SCRIPT_SANDBOXING = YES;
				GCC_C_LANGUAGE_STANDARD = gnu17;
				GCC_NO_COMMON_BLOCKS = YES;
				GCC_WARN_64_TO_32_BIT_CONVERSION = YES;
				GCC_WARN_ABOUT_RETURN_TYPE = YES_ERROR;
				GCC_WARN_UNDECLARED_SELECTOR = YES;
				GCC_WARN_UNINITIALIZED_AUTOS = YES_AGGRESSIVE;
				GCC_WARN_UNUSED_FUNCTION = YES;
				GCC_WARN_UNUSED_VARIABLE = YES;
				IPHONEOS_DEPLOYMENT_TARGET = 26.2;
				LOCALIZATION_PREFERS_STRING_CATALOGS = YES;
				MTL_ENABLE_DEBUG_INFO = NO;
				MTL_FAST_MATH = YES;
				SDKROOT = iphoneos;
				SWIFT_COMPILATION_MODE = wholemodule;
				VALIDATE_PRODUCT = YES;
			};
			name = Release;
		};
/* End XCBuildConfiguration section */

/* Begin XCConfigurationList section */
		30555A6C2F8BB899006BEF5A /* Build configuration list for PBXNativeTarget "NotificationServiceExtension" */ = {
			isa = XCConfigurationList;
			buildConfigurations = (
				30555A6D2F8BB899006BEF5A /* Debug */,
				30555A6E2F8BB899006BEF5A /* Release */,
			);
			defaultConfigurationIsVisible = 0;
			defaultConfigurationName = Release;
		};
		746A17802F82A4EE0076A047 /* Build configuration list for PBXProject "124RelgenxilSorslarzan" */ = {
			isa = XCConfigurationList;
			buildConfigurations = (
				746A179B2F82A4F00076A047 /* Debug */,
				746A179C2F82A4F00076A047 /* Release */,
			);
			defaultConfigurationIsVisible = 0;
			defaultConfigurationName = Release;
		};
		746A17982F82A4F00076A047 /* Build configuration list for PBXNativeTarget "124RelgenxilSorslarzan" */ = {
			isa = XCConfigurationList;
			buildConfigurations = (
				746A17992F82A4F00076A047 /* Debug */,
				746A179A2F82A4F00076A047 /* Release */,
			);
			defaultConfigurationIsVisible = 0;
			defaultConfigurationName = Release;
		};
/* End XCConfigurationList section */

/* Begin XCRemoteSwiftPackageReference section */
		30555A582F8BB85D006BEF5A /* XCRemoteSwiftPackageReference "firebase-ios-sdk" */ = {
			isa = XCRemoteSwiftPackageReference;
			repositoryURL = "https://github.com/firebase/firebase-ios-sdk";
			requirement = {
				kind = upToNextMajorVersion;
				minimumVersion = 12.12.0;
			};
		};
		30555A5B2F8BB873006BEF5A /* XCRemoteSwiftPackageReference "AppsFlyerFramework-Static" */ = {
			isa = XCRemoteSwiftPackageReference;
			repositoryURL = "https://github.com/AppsFlyerSDK/AppsFlyerFramework-Static";
			requirement = {
				kind = upToNextMajorVersion;
				minimumVersion = 6.17.9;
			};
		};
/* End XCRemoteSwiftPackageReference section */

/* Begin XCSwiftPackageProductDependency section */
		30555A592F8BB85D006BEF5A /* FirebaseMessaging */ = {
			isa = XCSwiftPackageProductDependency;
			package = 30555A582F8BB85D006BEF5A /* XCRemoteSwiftPackageReference "firebase-ios-sdk" */;
			productName = FirebaseMessaging;
		};
		30555A5C2F8BB873006BEF5A /* AppsFlyerLib-Static */ = {
			isa = XCSwiftPackageProductDependency;
			package = 30555A5B2F8BB873006BEF5A /* XCRemoteSwiftPackageReference "AppsFlyerFramework-Static" */;
			productName = "AppsFlyerLib-Static";
		};
		30555A702F8BB8B6006BEF5A /* FirebaseMessaging */ = {
			isa = XCSwiftPackageProductDependency;
			package = 30555A582F8BB85D006BEF5A /* XCRemoteSwiftPackageReference "firebase-ios-sdk" */;
			productName = FirebaseMessaging;
		};
/* End XCSwiftPackageProductDependency section */
	};
	rootObject = 746A177D2F82A4EE0076A047 /* Project object */;
}
